
Microsoft Visual Studio Solution File, Format Version 12.00
# Visual Studio Version 16
VisualStudioVersion = 16.0.29009.5
MinimumVisualStudioVersion = 10.0.40219.1
Project("{8BC9CEB8-8B4A-11D0-8D11-00A0C91BC942}") = "3D-graphics-engine", "3D-graphics-engine.vcxproj", "{F4D8AF94-336B-4388-AC03-3FA4A859B966}"
EndProject
Global
	GlobalSection(SolutionConfigurationPlatforms) = preSolution
		Debug|x64 = Debug|x64
		Debug|x86 = Debug|x86
		Release|x64 = Release|x64
		Release|x86 = Release|x86
	EndGlobalSection
	GlobalSection(ProjectConfigurationPlatforms) = postSolution
		{F4D8AF94-336B-4388-AC03-3FA4A859B966}.Debug|x64.ActiveCfg = Debug|x64
		{F4D8AF94-336B-4388-AC03-3FA4A859B966}.Debug|x64.Build.0 = Debug|x64
		{F4D8AF94-336B-4388-AC03-3FA4A859B966}.Debug|x86.ActiveCfg = Debug|Win32
		{F4D8AF94-336B-4388-AC03-3FA4A859B966}.Debug|x86.Build.0 = Debug|Win32
		{F4D8AF94-336B-4388-AC03-3FA4A859B966}.Release|x64.ActiveCfg = Release|x64
		{F4D8AF94-336B-4388-AC03-3FA4A859B966}.Release|x64.Build.0 = Release|x64
		{F4D8AF94-336B-4388-AC03-3FA4A859B966}.Release|x86.ActiveCfg = Release|Win32
		{F4D8AF94-336B-4388-AC03-3FA4A859B966}.Release|x86.Build.0 = Release|Win32
	EndGlobalSection
	GlobalSection(SolutionProperties) = preSolution
		HideSolutionNode = FALSE
	EndGlobalSection
	GlobalSection(ExtensibilityGlobals) = postSolution
		SolutionGuid = {E9D0291E-952B-4C54-B4CC-39CCE02E0F4F}
	EndGlobalSection
EndGlobal
